
Microsoft Visual Studio Solution File, Format Version 12.00
# Visual Studio Version 17
VisualStudioVersion = 17.7.34031.279
MinimumVisualStudioVersion = 10.0.40219.1
Project("{FAE04EC0-301F-11D3-BF4B-00C04F79EFBC}") = "PresenceSystemServer", "PresenceSystemServer.csproj", "{DDCB5F07-E4A4-4533-B660-055314ECFECE}"
EndProject
Global
	GlobalSection(SolutionConfigurationPlatforms) = preSolution
		Debug|Any CPU = Debug|Any CPU
		Release|Any CPU = Release|Any CPU
	EndGlobalSection
	GlobalSection(ProjectConfigurationPlatforms) = postSolution
		{DDCB5F07-E4A4-4533-B660-055314ECFECE}.Debug|Any CPU.ActiveCfg = Debug|Any CPU
		{DDCB5F07-E4A4-4533-B660-055314ECFECE}.Debug|Any CPU.Build.0 = Debug|Any CPU
		{DDCB5F07-E4A4-4533-B660-055314ECFECE}.Release|Any CPU.ActiveCfg = Release|Any CPU
		{DDCB5F07-E4A4-4533-B660-055314ECFECE}.Release|Any CPU.Build.0 = Release|Any CPU
	EndGlobalSection
	GlobalSection(SolutionProperties) = preSolution
		HideSolutionNode = FALSE
	EndGlobalSection
	GlobalSection(ExtensibilityGlobals) = postSolution
		SolutionGuid = {A726CC06-B00B-47B6-9DFB-2C7398220556}
	EndGlobalSection
EndGlobal
